
Microsoft Visual Studio Solution File, Format Version 12.00
# Visual Studio Version 16
VisualStudioVersion = 16.0.30320.27
MinimumVisualStudioVersion = 10.0.40219.1
Project("{FAE04EC0-301F-11D3-BF4B-00C04F79EFBC}") = "ProjectFileUnderstanding", "ProjectFileUnderstanding\ProjectFileUnderstanding.csproj", "{43880978-52E5-476C-8ACF-1559DD3A04B8}"
EndProject
Global
	GlobalSection(SolutionConfigurationPlatforms) = preSolution
		Debug|Any CPU = Debug|Any CPU
		Release|Any CPU = Release|Any CPU
	EndGlobalSection
	GlobalSection(ProjectConfigurationPlatforms) = postSolution
		{43880978-52E5-476C-8ACF-1559DD3A04B8}.Debug|Any CPU.ActiveCfg = Debug|Any CPU
		{43880978-52E5-476C-8ACF-1559DD3A04B8}.Debug|Any CPU.Build.0 = Debug|Any CPU
		{43880978-52E5-476C-8ACF-1559DD3A04B8}.Release|Any CPU.ActiveCfg = Release|Any CPU
		{43880978-52E5-476C-8ACF-1559DD3A04B8}.Release|Any CPU.Build.0 = Release|Any CPU
	EndGlobalSection
	GlobalSection(SolutionProperties) = preSolution
		HideSolutionNode = FALSE
	EndGlobalSection
	GlobalSection(ExtensibilityGlobals) = postSolution
		SolutionGuid = {7F8C9D60-0234-4868-A8F2-FF30D027CE10}
	EndGlobalSection
EndGlobal
