
Microsoft Visual Studio Solution File, Format Version 12.00
# Visual Studio Version 16
VisualStudioVersion = 16.0.30320.27
MinimumVisualStudioVersion = 10.0.40219.1
Project("{FAE04EC0-301F-11D3-BF4B-00C04F79EFBC}") = "XML.ReaderApp", "XML.ReaderApp\XML.ReaderApp.csproj", "{A363FBD8-5F4F-4AFF-B32B-35B5769CC6E2}"
EndProject
Global
	GlobalSection(SolutionConfigurationPlatforms) = preSolution
		Debug|Any CPU = Debug|Any CPU
		Release|Any CPU = Release|Any CPU
	EndGlobalSection
	GlobalSection(ProjectConfigurationPlatforms) = postSolution
		{A363FBD8-5F4F-4AFF-B32B-35B5769CC6E2}.Debug|Any CPU.ActiveCfg = Debug|Any CPU
		{A363FBD8-5F4F-4AFF-B32B-35B5769CC6E2}.Debug|Any CPU.Build.0 = Debug|Any CPU
		{A363FBD8-5F4F-4AFF-B32B-35B5769CC6E2}.Release|Any CPU.ActiveCfg = Release|Any CPU
		{A363FBD8-5F4F-4AFF-B32B-35B5769CC6E2}.Release|Any CPU.Build.0 = Release|Any CPU
	EndGlobalSection
	GlobalSection(SolutionProperties) = preSolution
		HideSolutionNode = FALSE
	EndGlobalSection
	GlobalSection(ExtensibilityGlobals) = postSolution
		SolutionGuid = {CD9A6D5C-652B-4416-9510-C316D8EC08E0}
	EndGlobalSection
EndGlobal
